<?xml version="1.0" encoding="utf-8"?>
<Project ToolsVersion="4.0" xmlns="http://schemas.microsoft.com/developer/msbuild/2003">
  <ItemGroup>
    <Filter Include="Resource Files">
      <UniqueIdentifier>{67DA6AB6-F800-4c08-8B7A-83BB121AAD01}</UniqueIdentifier>
      <Extensions>rc;ico;cur;bmp;dlg;rc2;rct;bin;rgs;gif;jpg;jpeg;jpe;resx;tiff;tif;png;wav;mfcribbon-ms</Extensions>
    </Filter>
    <Filter Include="glad">
      <UniqueIdentifier>{5157a7c7-e4bd-4c27-bacd-d822f8e7081a}</UniqueIdentifier>
    </Filter>
    <Filter Include="Tools">
      <UniqueIdentifier>{82e1eedc-7597-41b7-9e1e-cfac82115c61}</UniqueIdentifier>
    </Filter>
    <Filter Include="ProgramEntry">
      <UniqueIdentifier>{7ad3bd0b-0161-4ae9-99b4-b4bc0f13a877}</UniqueIdentifier>
    </Filter>
  </ItemGroup>
  <ItemGroup>
    <ClCompile Include="glad.c">
      <Filter>glad</Filter>
    </ClCompile>
    <ClCompile Include="Main.cpp">
      <Filter>ProgramEntry</Filter>
    </ClCompile>
    <ClCompile Include="Utility.cpp">
      <Filter>Tools</Filter>
    </ClCompile>
  </ItemGroup>
  <ItemGroup>
    <ClInclude Include="glad.h">
      <Filter>glad</Filter>
    </ClInclude>
    <ClInclude Include="khrplatform.h">
      <Filter>glad</Filter>
    </ClInclude>
    <ClInclude Include="Utility.h">
      <Filter>Tools</Filter>
    </ClInclude>
  </ItemGroup>
</Project>