<?xml version="1.0" encoding="utf-8"?>
<Project ToolsVersion="4.0" xmlns="http://schemas.microsoft.com/developer/msbuild/2003">
  <ItemGroup>
    <Filter Include="Resource Files">
      <UniqueIdentifier>{67DA6AB6-F800-4c08-8B7A-83BB121AAD01}</UniqueIdentifier>
      <Extensions>rc;ico;cur;bmp;dlg;rc2;rct;bin;rgs;gif;jpg;jpeg;jpe;resx;tiff;tif;png;wav;mfcribbon-ms</Extensions>
    </Filter>
    <Filter Include="glad">
      <UniqueIdentifier>{5157a7c7-e4bd-4c27-bacd-d822f8e7081a}</UniqueIdentifier>
    </Filter>
    <Filter Include="Tools">
      <UniqueIdentifier>{82e1eedc-7597-41b7-9e1e-cfac82115c61}</UniqueIdentifier>
    </Filter>
    <Filter Include="ProgramEntry">
      <UniqueIdentifier>{7ad3bd0b-0161-4ae9-99b4-b4bc0f13a877}</UniqueIdentifier>
    </Filter>
    <Filter Include="Applications">
      <UniqueIdentifier>{bd2c898b-67c3-4aa1-8c15-90f1c4b8e563}</UniqueIdentifier>
    </Filter>
    <Filter Include="Model">
      <UniqueIdentifier>{3e407648-f1e6-47ee-a4cc-4b0eba738405}</UniqueIdentifier>
    </Filter>
    <Filter Include="Scene">
      <UniqueIdentifier>{b80632a4-5199-48af-ab01-096433ddbf2d}</UniqueIdentifier>
    </Filter>
    <Filter Include="Imgui">
      <UniqueIdentifier>{e2e8d391-fe05-435c-8a34-4a4a047343bc}</UniqueIdentifier>
    </Filter>
  </ItemGroup>
  <ItemGroup>
    <ClCompile Include="glad.c">
      <Filter>glad</Filter>
    </ClCompile>
    <ClCompile Include="Main.cpp">
      <Filter>ProgramEntry</Filter>
    </ClCompile>
    <ClCompile Include="Utility.cpp">
      <Filter>Tools</Filter>
    </ClCompile>
    <ClCompile Include="ShaderProgram.cpp">
      <Filter>Tools</Filter>
    </ClCompile>
    <ClCompile Include="Mesh.cpp">
      <Filter>Model</Filter>
    </ClCompile>
    <ClCompile Include="Camera.cpp">
      <Filter>Scene</Filter>
    </ClCompile>
    <ClCompile Include="Application.cpp">
      <Filter>ProgramEntry</Filter>
    </ClCompile>
    <ClCompile Include="Gizmos.cpp">
      <Filter>Tools</Filter>
    </ClCompile>
    <ClCompile Include="GLFWCallbacks.cpp">
      <Filter>Tools</Filter>
    </ClCompile>
    <ClCompile Include="MeshLoading.cpp">
      <Filter>Applications</Filter>
    </ClCompile>
    <ClCompile Include="Texture.cpp">
      <Filter>Model</Filter>
    </ClCompile>
    <ClCompile Include="Scene.cpp">
      <Filter>Scene</Filter>
    </ClCompile>
    <ClCompile Include="Light.cpp">
      <Filter>Scene</Filter>
    </ClCompile>
    <ClCompile Include="GameObject.cpp">
      <Filter>Model</Filter>
    </ClCompile>
    <ClCompile Include="imgui.cpp">
      <Filter>Imgui</Filter>
    </ClCompile>
    <ClCompile Include="imgui_demo.cpp">
      <Filter>Imgui</Filter>
    </ClCompile>
    <ClCompile Include="imgui_draw.cpp">
      <Filter>Imgui</Filter>
    </ClCompile>
    <ClCompile Include="imgui_impl_glfw.cpp">
      <Filter>Imgui</Filter>
    </ClCompile>
    <ClCompile Include="imgui_impl_opengl3.cpp">
      <Filter>Imgui</Filter>
    </ClCompile>
    <ClCompile Include="imgui_tables.cpp">
      <Filter>Imgui</Filter>
    </ClCompile>
    <ClCompile Include="imgui_widgets.cpp">
      <Filter>Imgui</Filter>
    </ClCompile>
  </ItemGroup>
  <ItemGroup>
    <ClInclude Include="glad.h">
      <Filter>glad</Filter>
    </ClInclude>
    <ClInclude Include="khrplatform.h">
      <Filter>glad</Filter>
    </ClInclude>
    <ClInclude Include="Utility.h">
      <Filter>Tools</Filter>
    </ClInclude>
    <ClInclude Include="Graphics.h">
      <Filter>Tools</Filter>
    </ClInclude>
    <ClInclude Include="ShaderProgram.h">
      <Filter>Tools</Filter>
    </ClInclude>
    <ClInclude Include="Mesh.h">
      <Filter>Model</Filter>
    </ClInclude>
    <ClInclude Include="Camera.h">
      <Filter>Scene</Filter>
    </ClInclude>
    <ClInclude Include="Application.h">
      <Filter>ProgramEntry</Filter>
    </ClInclude>
    <ClInclude Include="Gizmos.h">
      <Filter>Tools</Filter>
    </ClInclude>
    <ClInclude Include="MeshLoading.h">
      <Filter>Applications</Filter>
    </ClInclude>
    <ClInclude Include="GLFWCallbacks.h">
      <Filter>Tools</Filter>
    </ClInclude>
    <ClInclude Include="Texture.h">
      <Filter>Model</Filter>
    </ClInclude>
    <ClInclude Include="stb_image.h">
      <Filter>Tools</Filter>
    </ClInclude>
    <ClInclude Include="GameObject.h">
      <Filter>Model</Filter>
    </ClInclude>
    <ClInclude Include="Scene.h">
      <Filter>Scene</Filter>
    </ClInclude>
    <ClInclude Include="Light.h">
      <Filter>Scene</Filter>
    </ClInclude>
    <ClInclude Include="IMGUI_include.h">
      <Filter>Tools</Filter>
    </ClInclude>
    <ClInclude Include="dirent.h">
      <Filter>Imgui</Filter>
    </ClInclude>
    <ClInclude Include="imconfig.h">
      <Filter>Imgui</Filter>
    </ClInclude>
    <ClInclude Include="imgui.h">
      <Filter>Imgui</Filter>
    </ClInclude>
    <ClInclude Include="imgui_impl_glfw.h">
      <Filter>Imgui</Filter>
    </ClInclude>
    <ClInclude Include="imgui_impl_opengl3.h">
      <Filter>Imgui</Filter>
    </ClInclude>
    <ClInclude Include="imgui_impl_opengl3_loader.h">
      <Filter>Imgui</Filter>
    </ClInclude>
    <ClInclude Include="imgui_internal.h">
      <Filter>Imgui</Filter>
    </ClInclude>
    <ClInclude Include="imstb_rectpack.h">
      <Filter>Imgui</Filter>
    </ClInclude>
    <ClInclude Include="imstb_textedit.h">
      <Filter>Imgui</Filter>
    </ClInclude>
    <ClInclude Include="imstb_truetype.h">
      <Filter>Imgui</Filter>
    </ClInclude>
  </ItemGroup>
</Project>